
Microsoft Visual Studio Solution File, Format Version 12.00
# Visual Studio Version 16
VisualStudioVersion = 16.0.30709.64
MinimumVisualStudioVersion = 15.0.26124.0
Project("{9A19103F-16F7-4668-BE54-9A1E7A4F7556}") = "ConsoleInsertData", "ConsoleInsertData\src\ConsoleInsertData\ConsoleInsertData.csproj", "{1AFC5B46-DED9-449A-B7C0-7285F8856EDA}"
EndProject
Project("{9A19103F-16F7-4668-BE54-9A1E7A4F7556}") = "MongoDbCommon", "MongoDbCommon\MongoDbCommon.csproj", "{D0E3F5DC-2788-4F28-B3AE-93B94402DA2B}"
EndProject
Project("{9A19103F-16F7-4668-BE54-9A1E7A4F7556}") = "ConsoleQueryData", "ConsoleQueryData\src\ConsoleQueryData\ConsoleQueryData.csproj", "{072800B4-3E84-404F-B78D-93D177A15EB8}"
EndProject
Project("{9A19103F-16F7-4668-BE54-9A1E7A4F7556}") = "ConsoleDeleteData", "ConsoleDeleteData\src\ConsoleDeleteData\ConsoleDeleteData.csproj", "{B8AA5A8B-1C6B-4C32-B022-C09A186CE1B6}"
EndProject
Project("{9A19103F-16F7-4668-BE54-9A1E7A4F7556}") = "MongoDBLib", "MongoDBLib\MongoDBLib.csproj", "{A14CF6E5-7B8C-4390-827B-9C8911FD2156}"
EndProject
Project("{FAE04EC0-301F-11D3-BF4B-00C04F79EFBC}") = "ConsoleQueryWithPoco", "ConsoleQueryWithPoco\src\ConsoleQueryWithPoco\ConsoleQueryWithPoco.csproj", "{416D6D63-038B-419E-B832-A0974F7AA6BC}"
EndProject
Project("{FAE04EC0-301F-11D3-BF4B-00C04F79EFBC}") = "ConsoleUpdateData", "ConsoleUpdateData\src\ConsoleUpdateData\ConsoleUpdateData.csproj", "{F787B462-E452-4986-8104-983F2FDF8937}"
EndProject
Global
	GlobalSection(SolutionConfigurationPlatforms) = preSolution
		Debug|Any CPU = Debug|Any CPU
		Debug|x64 = Debug|x64
		Debug|x86 = Debug|x86
		Release|Any CPU = Release|Any CPU
		Release|x64 = Release|x64
		Release|x86 = Release|x86
	EndGlobalSection
	GlobalSection(ProjectConfigurationPlatforms) = postSolution
		{1AFC5B46-DED9-449A-B7C0-7285F8856EDA}.Debug|Any CPU.ActiveCfg = Debug|Any CPU
		{1AFC5B46-DED9-449A-B7C0-7285F8856EDA}.Debug|Any CPU.Build.0 = Debug|Any CPU
		{1AFC5B46-DED9-449A-B7C0-7285F8856EDA}.Debug|x64.ActiveCfg = Debug|Any CPU
		{1AFC5B46-DED9-449A-B7C0-7285F8856EDA}.Debug|x64.Build.0 = Debug|Any CPU
		{1AFC5B46-DED9-449A-B7C0-7285F8856EDA}.Debug|x86.ActiveCfg = Debug|Any CPU
		{1AFC5B46-DED9-449A-B7C0-7285F8856EDA}.Debug|x86.Build.0 = Debug|Any CPU
		{1AFC5B46-DED9-449A-B7C0-7285F8856EDA}.Release|Any CPU.ActiveCfg = Release|Any CPU
		{1AFC5B46-DED9-449A-B7C0-7285F8856EDA}.Release|Any CPU.Build.0 = Release|Any CPU
		{1AFC5B46-DED9-449A-B7C0-7285F8856EDA}.Release|x64.ActiveCfg = Release|Any CPU
		{1AFC5B46-DED9-449A-B7C0-7285F8856EDA}.Release|x64.Build.0 = Release|Any CPU
		{1AFC5B46-DED9-449A-B7C0-7285F8856EDA}.Release|x86.ActiveCfg = Release|Any CPU
		{1AFC5B46-DED9-449A-B7C0-7285F8856EDA}.Release|x86.Build.0 = Release|Any CPU
		{D0E3F5DC-2788-4F28-B3AE-93B94402DA2B}.Debug|Any CPU.ActiveCfg = Debug|Any CPU
		{D0E3F5DC-2788-4F28-B3AE-93B94402DA2B}.Debug|Any CPU.Build.0 = Debug|Any CPU
		{D0E3F5DC-2788-4F28-B3AE-93B94402DA2B}.Debug|x64.ActiveCfg = Debug|Any CPU
		{D0E3F5DC-2788-4F28-B3AE-93B94402DA2B}.Debug|x64.Build.0 = Debug|Any CPU
		{D0E3F5DC-2788-4F28-B3AE-93B94402DA2B}.Debug|x86.ActiveCfg = Debug|Any CPU
		{D0E3F5DC-2788-4F28-B3AE-93B94402DA2B}.Debug|x86.Build.0 = Debug|Any CPU
		{D0E3F5DC-2788-4F28-B3AE-93B94402DA2B}.Release|Any CPU.ActiveCfg = Release|Any CPU
		{D0E3F5DC-2788-4F28-B3AE-93B94402DA2B}.Release|Any CPU.Build.0 = Release|Any CPU
		{D0E3F5DC-2788-4F28-B3AE-93B94402DA2B}.Release|x64.ActiveCfg = Release|Any CPU
		{D0E3F5DC-2788-4F28-B3AE-93B94402DA2B}.Release|x64.Build.0 = Release|Any CPU
		{D0E3F5DC-2788-4F28-B3AE-93B94402DA2B}.Release|x86.ActiveCfg = Release|Any CPU
		{D0E3F5DC-2788-4F28-B3AE-93B94402DA2B}.Release|x86.Build.0 = Release|Any CPU
		{072800B4-3E84-404F-B78D-93D177A15EB8}.Debug|Any CPU.ActiveCfg = Debug|Any CPU
		{072800B4-3E84-404F-B78D-93D177A15EB8}.Debug|Any CPU.Build.0 = Debug|Any CPU
		{072800B4-3E84-404F-B78D-93D177A15EB8}.Debug|x64.ActiveCfg = Debug|Any CPU
		{072800B4-3E84-404F-B78D-93D177A15EB8}.Debug|x64.Build.0 = Debug|Any CPU
		{072800B4-3E84-404F-B78D-93D177A15EB8}.Debug|x86.ActiveCfg = Debug|Any CPU
		{072800B4-3E84-404F-B78D-93D177A15EB8}.Debug|x86.Build.0 = Debug|Any CPU
		{072800B4-3E84-404F-B78D-93D177A15EB8}.Release|Any CPU.ActiveCfg = Release|Any CPU
		{072800B4-3E84-404F-B78D-93D177A15EB8}.Release|Any CPU.Build.0 = Release|Any CPU
		{072800B4-3E84-404F-B78D-93D177A15EB8}.Release|x64.ActiveCfg = Release|Any CPU
		{072800B4-3E84-404F-B78D-93D177A15EB8}.Release|x64.Build.0 = Release|Any CPU
		{072800B4-3E84-404F-B78D-93D177A15EB8}.Release|x86.ActiveCfg = Release|Any CPU
		{072800B4-3E84-404F-B78D-93D177A15EB8}.Release|x86.Build.0 = Release|Any CPU
		{B8AA5A8B-1C6B-4C32-B022-C09A186CE1B6}.Debug|Any CPU.ActiveCfg = Debug|Any CPU
		{B8AA5A8B-1C6B-4C32-B022-C09A186CE1B6}.Debug|Any CPU.Build.0 = Debug|Any CPU
		{B8AA5A8B-1C6B-4C32-B022-C09A186CE1B6}.Debug|x64.ActiveCfg = Debug|Any CPU
		{B8AA5A8B-1C6B-4C32-B022-C09A186CE1B6}.Debug|x64.Build.0 = Debug|Any CPU
		{B8AA5A8B-1C6B-4C32-B022-C09A186CE1B6}.Debug|x86.ActiveCfg = Debug|Any CPU
		{B8AA5A8B-1C6B-4C32-B022-C09A186CE1B6}.Debug|x86.Build.0 = Debug|Any CPU
		{B8AA5A8B-1C6B-4C32-B022-C09A186CE1B6}.Release|Any CPU.ActiveCfg = Release|Any CPU
		{B8AA5A8B-1C6B-4C32-B022-C09A186CE1B6}.Release|Any CPU.Build.0 = Release|Any CPU
		{B8AA5A8B-1C6B-4C32-B022-C09A186CE1B6}.Release|x64.ActiveCfg = Release|Any CPU
		{B8AA5A8B-1C6B-4C32-B022-C09A186CE1B6}.Release|x64.Build.0 = Release|Any CPU
		{B8AA5A8B-1C6B-4C32-B022-C09A186CE1B6}.Release|x86.ActiveCfg = Release|Any CPU
		{B8AA5A8B-1C6B-4C32-B022-C09A186CE1B6}.Release|x86.Build.0 = Release|Any CPU
		{A14CF6E5-7B8C-4390-827B-9C8911FD2156}.Debug|Any CPU.ActiveCfg = Debug|Any CPU
		{A14CF6E5-7B8C-4390-827B-9C8911FD2156}.Debug|Any CPU.Build.0 = Debug|Any CPU
		{A14CF6E5-7B8C-4390-827B-9C8911FD2156}.Debug|x64.ActiveCfg = Debug|Any CPU
		{A14CF6E5-7B8C-4390-827B-9C8911FD2156}.Debug|x64.Build.0 = Debug|Any CPU
		{A14CF6E5-7B8C-4390-827B-9C8911FD2156}.Debug|x86.ActiveCfg = Debug|Any CPU
		{A14CF6E5-7B8C-4390-827B-9C8911FD2156}.Debug|x86.Build.0 = Debug|Any CPU
		{A14CF6E5-7B8C-4390-827B-9C8911FD2156}.Release|Any CPU.ActiveCfg = Release|Any CPU
		{A14CF6E5-7B8C-4390-827B-9C8911FD2156}.Release|Any CPU.Build.0 = Release|Any CPU
		{A14CF6E5-7B8C-4390-827B-9C8911FD2156}.Release|x64.ActiveCfg = Release|Any CPU
		{A14CF6E5-7B8C-4390-827B-9C8911FD2156}.Release|x64.Build.0 = Release|Any CPU
		{A14CF6E5-7B8C-4390-827B-9C8911FD2156}.Release|x86.ActiveCfg = Release|Any CPU
		{A14CF6E5-7B8C-4390-827B-9C8911FD2156}.Release|x86.Build.0 = Release|Any CPU
		{416D6D63-038B-419E-B832-A0974F7AA6BC}.Debug|Any CPU.ActiveCfg = Debug|Any CPU
		{416D6D63-038B-419E-B832-A0974F7AA6BC}.Debug|Any CPU.Build.0 = Debug|Any CPU
		{416D6D63-038B-419E-B832-A0974F7AA6BC}.Debug|x64.ActiveCfg = Debug|Any CPU
		{416D6D63-038B-419E-B832-A0974F7AA6BC}.Debug|x64.Build.0 = Debug|Any CPU
		{416D6D63-038B-419E-B832-A0974F7AA6BC}.Debug|x86.ActiveCfg = Debug|Any CPU
		{416D6D63-038B-419E-B832-A0974F7AA6BC}.Debug|x86.Build.0 = Debug|Any CPU
		{416D6D63-038B-419E-B832-A0974F7AA6BC}.Release|Any CPU.ActiveCfg = Release|Any CPU
		{416D6D63-038B-419E-B832-A0974F7AA6BC}.Release|Any CPU.Build.0 = Release|Any CPU
		{416D6D63-038B-419E-B832-A0974F7AA6BC}.Release|x64.ActiveCfg = Release|Any CPU
		{416D6D63-038B-419E-B832-A0974F7AA6BC}.Release|x64.Build.0 = Release|Any CPU
		{416D6D63-038B-419E-B832-A0974F7AA6BC}.Release|x86.ActiveCfg = Release|Any CPU
		{416D6D63-038B-419E-B832-A0974F7AA6BC}.Release|x86.Build.0 = Release|Any CPU
		{F787B462-E452-4986-8104-983F2FDF8937}.Debug|Any CPU.ActiveCfg = Debug|Any CPU
		{F787B462-E452-4986-8104-983F2FDF8937}.Debug|Any CPU.Build.0 = Debug|Any CPU
		{F787B462-E452-4986-8104-983F2FDF8937}.Debug|x64.ActiveCfg = Debug|Any CPU
		{F787B462-E452-4986-8104-983F2FDF8937}.Debug|x64.Build.0 = Debug|Any CPU
		{F787B462-E452-4986-8104-983F2FDF8937}.Debug|x86.ActiveCfg = Debug|Any CPU
		{F787B462-E452-4986-8104-983F2FDF8937}.Debug|x86.Build.0 = Debug|Any CPU
		{F787B462-E452-4986-8104-983F2FDF8937}.Release|Any CPU.ActiveCfg = Release|Any CPU
		{F787B462-E452-4986-8104-983F2FDF8937}.Release|Any CPU.Build.0 = Release|Any CPU
		{F787B462-E452-4986-8104-983F2FDF8937}.Release|x64.ActiveCfg = Release|Any CPU
		{F787B462-E452-4986-8104-983F2FDF8937}.Release|x64.Build.0 = Release|Any CPU
		{F787B462-E452-4986-8104-983F2FDF8937}.Release|x86.ActiveCfg = Release|Any CPU
		{F787B462-E452-4986-8104-983F2FDF8937}.Release|x86.Build.0 = Release|Any CPU
	EndGlobalSection
	GlobalSection(SolutionProperties) = preSolution
		HideSolutionNode = FALSE
	EndGlobalSection
	GlobalSection(ExtensibilityGlobals) = postSolution
		SolutionGuid = {ECD06A3A-5D29-4D03-BCEB-6543CEF6DDC4}
	EndGlobalSection
EndGlobal
